
Microsoft Visual Studio Solution File, Format Version 12.00
# Visual Studio Version 17
VisualStudioVersion = 17.1.32319.34
MinimumVisualStudioVersion = 10.0.40219.1
Project("{FAE04EC0-301F-11D3-BF4B-00C04F79EFBC}") = "ComboBoxSecilenRenkWinFormArkaPlanRengi", "ComboBoxSecilenRenkWinFormArkaPlanRengi\ComboBoxSecilenRenkWinFormArkaPlanRengi.csproj", "{62A997A8-94A1-4815-B92D-35ED12893348}"
EndProject
Global
	GlobalSection(SolutionConfigurationPlatforms) = preSolution
		Debug|Any CPU = Debug|Any CPU
		Release|Any CPU = Release|Any CPU
	EndGlobalSection
	GlobalSection(ProjectConfigurationPlatforms) = postSolution
		{62A997A8-94A1-4815-B92D-35ED12893348}.Debug|Any CPU.ActiveCfg = Debug|Any CPU
		{62A997A8-94A1-4815-B92D-35ED12893348}.Debug|Any CPU.Build.0 = Debug|Any CPU
		{62A997A8-94A1-4815-B92D-35ED12893348}.Release|Any CPU.ActiveCfg = Release|Any CPU
		{62A997A8-94A1-4815-B92D-35ED12893348}.Release|Any CPU.Build.0 = Release|Any CPU
	EndGlobalSection
	GlobalSection(SolutionProperties) = preSolution
		HideSolutionNode = FALSE
	EndGlobalSection
	GlobalSection(ExtensibilityGlobals) = postSolution
		SolutionGuid = {EDA7897F-0F10-4652-A951-0D0D5D2FFE90}
	EndGlobalSection
EndGlobal
